
Microsoft Visual Studio Solution File, Format Version 12.00
# Visual Studio Version 17
VisualStudioVersion = 17.2.32630.192
MinimumVisualStudioVersion = 10.0.40219.1
Project("{FAE04EC0-301F-11D3-BF4B-00C04F79EFBC}") = "Koleksiyonlar-Odev", "Koleksiyonlar-Odev\Koleksiyonlar-Odev.csproj", "{84817843-DF6F-4342-A5AE-8F7A83144408}"
EndProject
Global
	GlobalSection(SolutionConfigurationPlatforms) = preSolution
		Debug|Any CPU = Debug|Any CPU
		Release|Any CPU = Release|Any CPU
	EndGlobalSection
	GlobalSection(ProjectConfigurationPlatforms) = postSolution
		{84817843-DF6F-4342-A5AE-8F7A83144408}.Debug|Any CPU.ActiveCfg = Debug|Any CPU
		{84817843-DF6F-4342-A5AE-8F7A83144408}.Debug|Any CPU.Build.0 = Debug|Any CPU
		{84817843-DF6F-4342-A5AE-8F7A83144408}.Release|Any CPU.ActiveCfg = Release|Any CPU
		{84817843-DF6F-4342-A5AE-8F7A83144408}.Release|Any CPU.Build.0 = Release|Any CPU
	EndGlobalSection
	GlobalSection(SolutionProperties) = preSolution
		HideSolutionNode = FALSE
	EndGlobalSection
	GlobalSection(ExtensibilityGlobals) = postSolution
		SolutionGuid = {6D79D14E-AD03-4C9D-8BC2-DA70581347C1}
	EndGlobalSection
EndGlobal
